
Microsoft Visual Studio Solution File, Format Version 12.00
# Visual Studio Version 17
VisualStudioVersion = 17.6.33829.357
MinimumVisualStudioVersion = 10.0.40219.1
Project("{9A19103F-16F7-4668-BE54-9A1E7A4F7556}") = "WordleSolverAPI", "WordleSolverAPI\WordleSolverAPI.csproj", "{3ACEE648-6D36-4ECE-829A-7CEBA52D060F}"
EndProject
Project("{9A19103F-16F7-4668-BE54-9A1E7A4F7556}") = "WordleSolverService", "WordleSolverService\WordleSolverService.csproj", "{EF04562A-982C-4829-B99D-B040C96BB784}"
EndProject
Project("{54A90642-561A-4BB1-A94E-469ADEE60C69}") = "WordleSolverClient", "WordleSolverClient\WordleSolverClient.esproj", "{951CDFA3-0444-4C42-BD79-950945822C17}"
EndProject
Global
	GlobalSection(SolutionConfigurationPlatforms) = preSolution
		Debug|Any CPU = Debug|Any CPU
		Release|Any CPU = Release|Any CPU
	EndGlobalSection
	GlobalSection(ProjectConfigurationPlatforms) = postSolution
		{3ACEE648-6D36-4ECE-829A-7CEBA52D060F}.Debug|Any CPU.ActiveCfg = Debug|Any CPU
		{3ACEE648-6D36-4ECE-829A-7CEBA52D060F}.Debug|Any CPU.Build.0 = Debug|Any CPU
		{3ACEE648-6D36-4ECE-829A-7CEBA52D060F}.Release|Any CPU.ActiveCfg = Release|Any CPU
		{3ACEE648-6D36-4ECE-829A-7CEBA52D060F}.Release|Any CPU.Build.0 = Release|Any CPU
		{EF04562A-982C-4829-B99D-B040C96BB784}.Debug|Any CPU.ActiveCfg = Debug|Any CPU
		{EF04562A-982C-4829-B99D-B040C96BB784}.Debug|Any CPU.Build.0 = Debug|Any CPU
		{EF04562A-982C-4829-B99D-B040C96BB784}.Release|Any CPU.ActiveCfg = Release|Any CPU
		{EF04562A-982C-4829-B99D-B040C96BB784}.Release|Any CPU.Build.0 = Release|Any CPU
		{951CDFA3-0444-4C42-BD79-950945822C17}.Debug|Any CPU.ActiveCfg = Debug|Any CPU
		{951CDFA3-0444-4C42-BD79-950945822C17}.Debug|Any CPU.Build.0 = Debug|Any CPU
		{951CDFA3-0444-4C42-BD79-950945822C17}.Debug|Any CPU.Deploy.0 = Debug|Any CPU
		{951CDFA3-0444-4C42-BD79-950945822C17}.Release|Any CPU.ActiveCfg = Release|Any CPU
		{951CDFA3-0444-4C42-BD79-950945822C17}.Release|Any CPU.Build.0 = Release|Any CPU
		{951CDFA3-0444-4C42-BD79-950945822C17}.Release|Any CPU.Deploy.0 = Release|Any CPU
	EndGlobalSection
	GlobalSection(SolutionProperties) = preSolution
		HideSolutionNode = FALSE
	EndGlobalSection
	GlobalSection(ExtensibilityGlobals) = postSolution
		SolutionGuid = {3C56AAA5-6FC2-46BD-B414-94FA44B12BDD}
	EndGlobalSection
EndGlobal
